<?xml version="1.0" encoding="utf-8"?>
<Project ToolsVersion="4.0" xmlns="http://schemas.microsoft.com/developer/msbuild/2003">
  <ItemGroup>
    <Filter Include="Source Files">
      <UniqueIdentifier>{4FC737F1-C7A5-4376-A066-2A32D752A2FF}</UniqueIdentifier>
      <Extensions>cpp;c;cc;cxx;def;odl;idl;hpj;bat;asm;asmx</Extensions>
    </Filter>
    <Filter Include="Header Files">
      <UniqueIdentifier>{93995380-89BD-4b04-88EB-625FBE52EBFB}</UniqueIdentifier>
      <Extensions>h;hh;hpp;hxx;hm;inl;inc;xsd</Extensions>
    </Filter>
    <Filter Include="Resource Files">
      <UniqueIdentifier>{67DA6AB6-F800-4c08-8B7A-83BB121AAD01}</UniqueIdentifier>
      <Extensions>rc;ico;cur;bmp;dlg;rc2;rct;bin;rgs;gif;jpg;jpeg;jpe;resx;tiff;tif;png;wav;mfcribbon-ms</Extensions>
    </Filter>
    <Filter Include="DX11">
      <UniqueIdentifier>{6d556660-7834-42db-bbc6-5a6794363500}</UniqueIdentifier>
    </Filter>
    <Filter Include="DX11\Header files">
      <UniqueIdentifier>{e1d2f11d-8b96-4a6a-b90d-c24b52080fe6}</UniqueIdentifier>
    </Filter>
    <Filter Include="DX11\Source files">
      <UniqueIdentifier>{43552d78-bf92-4799-b3db-575d27ceba01}</UniqueIdentifier>
    </Filter>
    <Filter Include="DX11\HLSL">
      <UniqueIdentifier>{d61fbfdf-591d-4161-8d4f-2de69d005b86}</UniqueIdentifier>
    </Filter>
    <Filter Include="Reference code">
      <UniqueIdentifier>{6407b6e6-51eb-4652-b540-5a779fcd1b14}</UniqueIdentifier>
    </Filter>
  </ItemGroup>
  <ItemGroup>
    <ClInclude Include="..\..\..\Sources\SDK\DirectXMath-master\Inc\DirectXCollision.h">
      <Filter>Reference code</Filter>
    </ClInclude>
    <ClInclude Include="..\DX11\header\command.h">
      <Filter>DX11\Header files</Filter>
    </ClInclude>
    <ClInclude Include="..\DX11\header\state.h">
      <Filter>DX11\Header files</Filter>
    </ClInclude>
    <ClInclude Include="header\states.h">
      <Filter>Header Files</Filter>
    </ClInclude>
    <ClInclude Include="header\globals.h">
      <Filter>Header Files</Filter>
    </ClInclude>
    <ClInclude Include="header\tetrimino.h">
      <Filter>Header Files</Filter>
    </ClInclude>
    <ClInclude Include="header\line_em_up.h">
      <Filter>Header Files</Filter>
    </ClInclude>
    <ClInclude Include="..\DX11\header\mesh.h">
      <Filter>DX11\Header files</Filter>
    </ClInclude>
    <ClInclude Include="..\DX11\header\debugging.h">
      <Filter>DX11\Header files</Filter>
    </ClInclude>
    <ClInclude Include="..\DX11\header\drawable.h">
      <Filter>DX11\Header files</Filter>
    </ClInclude>
    <ClInclude Include="..\DX11\header\DX11.h">
      <Filter>DX11\Header files</Filter>
    </ClInclude>
    <ClInclude Include="..\DX11\header\DX11_math.h">
      <Filter>DX11\Header files</Filter>
    </ClInclude>
    <ClInclude Include="..\DX11\header\WICImage.h">
      <Filter>DX11\Header files</Filter>
    </ClInclude>
    <ClInclude Include="..\DX11\header\input_handler.h">
      <Filter>DX11\Header files</Filter>
    </ClInclude>
    <ClInclude Include="..\DX11\header\input_layouts.h">
      <Filter>DX11\Header files</Filter>
    </ClInclude>
    <ClInclude Include="..\DX11\header\quad.h">
      <Filter>DX11\Header files</Filter>
    </ClInclude>
    <ClInclude Include="..\DX11\header\timer.h">
      <Filter>DX11\Header files</Filter>
    </ClInclude>
    <ClInclude Include="..\DX11\header\types.h">
      <Filter>DX11\Header files</Filter>
    </ClInclude>
    <ClInclude Include="..\DX11\header\vertex.h">
      <Filter>DX11\Header files</Filter>
    </ClInclude>
    <ClInclude Include="..\DX11\header\camera.h">
      <Filter>DX11\Header files</Filter>
    </ClInclude>
    <ClInclude Include="..\DX11\header\MS_Keyboard.h">
      <Filter>DX11\Header files</Filter>
    </ClInclude>
    <ClInclude Include="..\DX11\header\graphics.h">
      <Filter>DX11\Header files</Filter>
    </ClInclude>
    <ClInclude Include="..\DX11\header\game.h">
      <Filter>DX11\Header files</Filter>
    </ClInclude>
    <ClInclude Include="..\DX11\header\window.h">
      <Filter>DX11\Header files</Filter>
    </ClInclude>
    <ClInclude Include="..\DX11\header\graphics_component.h">
      <Filter>DX11\Header files</Filter>
    </ClInclude>
    <ClInclude Include="..\DX11\header\texture.h">
      <Filter>DX11\Header files</Filter>
    </ClInclude>
    <ClInclude Include="header\commands.h">
      <Filter>Source Files</Filter>
    </ClInclude>
    <ClInclude Include="..\DX11\header\game_actor.h">
      <Filter>DX11\Header files</Filter>
    </ClInclude>
  </ItemGroup>
  <ItemGroup>
    <None Include="..\..\..\Sources\SDK\DirectXMath-master\Inc\DirectXCollision.inl">
      <Filter>Reference code</Filter>
    </None>
  </ItemGroup>
  <ItemGroup>
    <ClCompile Include="source\main3.cpp">
      <Filter>Source Files</Filter>
    </ClCompile>
    <ClCompile Include="source\tetrimino.cpp">
      <Filter>Source Files</Filter>
    </ClCompile>
    <ClCompile Include="source\line_em_up.cpp">
      <Filter>Source Files</Filter>
    </ClCompile>
    <ClCompile Include="source\states.cpp">
      <Filter>Source Files</Filter>
    </ClCompile>
    <ClCompile Include="..\DX11\source\mesh.cpp">
      <Filter>DX11\Source files</Filter>
    </ClCompile>
    <ClCompile Include="..\DX11\source\debugging.cpp">
      <Filter>DX11\Source files</Filter>
    </ClCompile>
    <ClCompile Include="..\DX11\source\drawable.cpp">
      <Filter>DX11\Source files</Filter>
    </ClCompile>
    <ClCompile Include="..\DX11\source\DX11.cpp">
      <Filter>DX11\Source files</Filter>
    </ClCompile>
    <ClCompile Include="..\DX11\source\DX11_math.cpp">
      <Filter>DX11\Source files</Filter>
    </ClCompile>
    <ClCompile Include="..\DX11\source\WICImage.cpp">
      <Filter>DX11\Source files</Filter>
    </ClCompile>
    <ClCompile Include="..\DX11\source\texture.cpp">
      <Filter>DX11\Source files</Filter>
    </ClCompile>
    <ClCompile Include="..\DX11\source\camera.cpp">
      <Filter>DX11\Source files</Filter>
    </ClCompile>
    <ClCompile Include="..\DX11\source\MS_keyboard.cpp">
      <Filter>DX11\Source files</Filter>
    </ClCompile>
    <ClCompile Include="..\DX11\source\game.cpp">
      <Filter>DX11\Source files</Filter>
    </ClCompile>
    <ClCompile Include="..\DX11\source\graphics.cpp">
      <Filter>DX11\Source files</Filter>
    </ClCompile>
    <ClCompile Include="..\DX11\source\graphics_component.cpp">
      <Filter>DX11\Source files</Filter>
    </ClCompile>
    <ClCompile Include="D:\programming\Sources\SDK\directxtk-samples-master\SimpleSampleWin32\Main.cpp">
      <Filter>Reference code</Filter>
    </ClCompile>
  </ItemGroup>
  <ItemGroup>
    <FxCompile Include="..\DX11\shader\PS_colour.hlsl">
      <Filter>DX11\HLSL</Filter>
    </FxCompile>
    <FxCompile Include="..\DX11\shader\VS_colour.hlsl">
      <Filter>DX11\HLSL</Filter>
    </FxCompile>
  </ItemGroup>
</Project>